
Microsoft Visual Studio Solution File, Format Version 12.00
# Visual Studio Version 16
VisualStudioVersion = 16.0.33927.289
MinimumVisualStudioVersion = 10.0.40219.1
Project("{FAE04EC0-301F-11D3-BF4B-00C04F79EFBC}") = "34_Ivanov_NeuralNetwork", "34_Ivanov_NeuralNetwork\34_Ivanov_NeuralNetwork.csproj", "{B24CDD0D-47AF-4280-A930-34B7C1D15695}"
EndProject
Global
	GlobalSection(SolutionConfigurationPlatforms) = preSolution
		Debug|Any CPU = Debug|Any CPU
		Release|Any CPU = Release|Any CPU
	EndGlobalSection
	GlobalSection(ProjectConfigurationPlatforms) = postSolution
		{B24CDD0D-47AF-4280-A930-34B7C1D15695}.Debug|Any CPU.ActiveCfg = Debug|Any CPU
		{B24CDD0D-47AF-4280-A930-34B7C1D15695}.Debug|Any CPU.Build.0 = Debug|Any CPU
		{B24CDD0D-47AF-4280-A930-34B7C1D15695}.Release|Any CPU.ActiveCfg = Release|Any CPU
		{B24CDD0D-47AF-4280-A930-34B7C1D15695}.Release|Any CPU.Build.0 = Release|Any CPU
	EndGlobalSection
	GlobalSection(SolutionProperties) = preSolution
		HideSolutionNode = FALSE
	EndGlobalSection
	GlobalSection(ExtensibilityGlobals) = postSolution
		SolutionGuid = {9A575A02-396B-4F2B-A83E-15B8161E4BE5}
	EndGlobalSection
EndGlobal
